lockfileVersion: '9.0'

settings:
  autoInstallPeers: true
  excludeLinksFromLockfile: false

importers:

  .:
    devDependencies:
      '@biomejs/biome':
        specifier: ^2.4.8
        version: 2.5.15
      '@doki-land/nifty':
        specifier: ^0.0.12
        version: 0.0.12
      '@napi-rs/cli':
        specifier: ^2.18.4
        version: 2.18.4

  projects/packages/mysql:
    dependencies:
      '@yyds/yyds':
        specifier: workspace:*
        version: link:../yyds
    devDependencies:
      '@types/node':
        specifier: ^22.15.0
        version: 22.20.5
      typescript:
        specifier: ^5.9.2
        version: 5.9.3

  projects/packages/postgresql:
    dependencies:
      '@yyds/yyds':
        specifier: workspace:*
        version: link:../yyds
    devDependencies:
      '@types/node':
        specifier: ^22.15.0
        version: 22.20.5
      typescript:
        specifier: ^5.9.2
        version: 5.9.3

  projects/packages/redis:
    dependencies:
      '@yyds/yyds':
        specifier: workspace:*
        version: link:../yyds
    devDependencies:
      '@types/node':
        specifier: ^22.15.0
        version: 22.20.5
      typescript:
        specifier: ^5.9.2
        version: 5.9.3

  projects/packages/sqlite:
    dependencies:
      '@yyds/yyds':
        specifier: workspace:*
        version: link:../yyds
    devDependencies:
      '@types/node':
        specifier: ^22.15.0
        version: 22.20.5
      typescript:
        specifier: ^5.9.2
        version: 5.9.3

  projects/packages/yyds:
    dependencies:
      '@yyds/yyds-unknown-wasm32':
        specifier: workspace:*
        version: link:../yyds-unknown-wasm32
    devDependencies:
      '@types/node':
        specifier: ^22.15.0
        version: 22.20.5
      typescript:
        specifier: ^5.9.2
        version: 5.9.3
    optionalDependencies:
      '@yyds/yyds-darwin-arm64':
        specifier: workspace:*
        version: link:../yyds-darwin-arm64
      '@yyds/yyds-darwin-x64':
        specifier: workspace:*
        version: link:../yyds-darwin-x64
      '@yyds/yyds-linux-x64':
        specifier: workspace:*
        version: link:../yyds-linux-x64
      '@yyds/yyds-win32-x64':
        specifier: workspace:*
        version: link:../yyds-win32-x64

  projects/packages/yyds-darwin-arm64: {}

  projects/packages/yyds-darwin-x64: {}

  projects/packages/yyds-linux-x64: {}

  projects/packages/yyds-unknown-wasm32:
    devDependencies:
      '@types/node':
        specifier: ^22.15.0
        version: 22.20.5
      typescript:
        specifier: ^5.9.2
        version: 5.9.3

  projects/packages/yyds-win32-x64: {}

packages:

  '@biomejs/biome@2.5.15':
    resolution: {integrity: sha512-WZTW4slm/pdkh92K6t/3aEN++44JD1PQ7squ7RCMLI1flHGl43DVOIGXvCjHiZgBMO1V4uYxoFNtqrIA4qGuIQ==}
    engines: {node: '>=14.21.3'}
    hasBin: true

  '@biomejs/cli-darwin-arm64@2.5.15':
    resolution: {integrity: sha512-BZVzFhJ/mUvTLMYbc9x6el0o2Uv5zP7bACYyhFb6fSc1giroXm7PL0a5KqMJ9F+/BnkYRjagD/ROSDVOZ6eapg==}
    engines: {node: '>=14.21.3'}
    cpu: [arm64]
    os: [darwin]

  '@biomejs/cli-darwin-x64@2.5.15':
    resolution: {integrity: sha512-V5Kw63V+fVGNFhFrizDxMbGXAzZCh8kYzJpy3GI6gTapWDg7bZK9oYC9CbVgQSEdTnupz0U5Efz8Ev+5vdBBXw==}
    engines: {node: '>=14.21.3'}
    cpu: [x64]
    os: [darwin]

  '@biomejs/cli-linux-arm64-musl@2.5.15':
    resolution: {integrity: sha512-tGzZUTcJCV7tj5Adh/Gn6nR4MycqA3iohq2LEcrarAgRBkU0h0OKd2UzCRkOsOYOuUGaUJb4YmqRqyy2feGGSw==}
    engines: {node: '>=14.21.3'}
    cpu: [arm64]
    os: [linux]

  '@biomejs/cli-linux-arm64@2.5.15':
    resolution: {integrity: sha512-XaG7P7eeSLYETD3K9grfB0mQmpLQZjygdbsxekWBJAg4am79fGAtRpfRyNnTvXB2fZFNnJZG3nXm7HBat0+VUw==}
    engines: {node: '>=14.21.3'}
    cpu: [arm64]
    os: [linux]

  '@biomejs/cli-linux-x64-musl@2.5.15':
    resolution: {integrity: sha512-IlxUcyxilVGPsE008x13pWdkTbU3nQpP2i9b5UrbOYj6goBkKsRX1XB7yJLcV+O1H9LBchIIm4adOaVLZBX0ZQ==}
    engines: {node: '>=14.21.3'}
    cpu: [x64]
    os: [linux]

  '@biomejs/cli-linux-x64@2.5.15':
    resolution: {integrity: sha512-xE4iEW/3LqlYj9GFgGrFsFSH51dEEpUbYWBfeOv0q87WkUDxK2o/HhreSb7qMJqck70RVM6Lg96hgedcAYcOkA==}
    engines: {node: '>=14.21.3'}
    cpu: [x64]
    os: [linux]

  '@biomejs/cli-win32-arm64@2.5.15':
    resolution: {integrity: sha512-2kPKzhNlm8C+Ru3GcO0Me2ODkCBLrVOUNuyi84RJyWDVKAA4+Kjj3jMjL938lF6BRfvltC4vB2nPY9SvN51Ovg==}
    engines: {node: '>=14.21.3'}
    cpu: [arm64]
    os: [win32]

  '@biomejs/cli-win32-x64@2.5.15':
    resolution: {integrity: sha512-yAzh4UqEImV6Hcy0zjUqNfJAsUhoD64FBQCdTG8Md/Z2wQeVP/ZmJ3XRYAs1g8J9fjTFyl2fCtc5FB5til47+g==}
    engines: {node: '>=14.21.3'}
    cpu: [x64]
    os: [win32]

  '@doki-land/nifty-darwin-arm64@0.0.12':
    resolution: {integrity: sha512-J/ojM16Dyi/yjQwZuQEfCG42Wsm3lseAbpFsgndY9Zn1rv9ZwLyVC2DtcsYIFY41v8OZn1U6xwFZksST637hFw==}
    cpu: [arm64]
    os: [darwin]

  '@doki-land/nifty-darwin-x64@0.0.12':
    resolution: {integrity: sha512-rGoNoZuxPXIbFo1IiIPqtwohvdrYvj8e5PH0E2sdZtpUFM++aU4ssy/ZM0lnP7iCIYJt3ocmshWSajQQ6vEM+w==}
    cpu: [x64]
    os: [darwin]

  '@doki-land/nifty-linux-arm64@0.0.12':
    resolution: {integrity: sha512-VAs1sWyHylMlncj/IJsaxIZ2W+vSGHKu85RhVnwxw6Ic9c54ElyGCzBmAyeShW2TNswn7hUFioWDiJ1GtXGuqg==}
    cpu: [arm64]
    os: [linux]

  '@doki-land/nifty-linux-x64@0.0.12':
    resolution: {integrity: sha512-mbe8MvE3ki6wPPG9BRuJ52kFoTh+yCmAIbKxBTylvbhk+OD99i/jRsDH8G8Zs6rwhPgmtx4/yvQXmRmilCaxQw==}
    cpu: [x64]
    os: [linux]

  '@doki-land/nifty-win32-x64@0.0.12':
    resolution: {integrity: sha512-djCPHuouiQeyhi5Uglp+aWHjG019smTF1Zs8/Pc3xL1ESCYvVgxCMf5RZgyFyiMGrVJGnRxKVf8r7gKqIywyCQ==}
    cpu: [x64]
    os: [win32]

  '@doki-land/nifty@0.0.12':
    resolution: {integrity: sha512-96ZGSKDEQEaGlhfyqi/1MNbGK1mRUr6jX+t5jjxpU7KkcnuBnuR4jU3jstuOS+7zHN3KmxT50Kj4/3cH8GFZlQ==}
    hasBin: true

  '@napi-rs/cli@2.18.4':
    resolution: {integrity: sha512-SgJeA4df9DE2iAEpr3M2H0OKl/yjtg1BnRI5/JyowS71tUWhrfSu2LT0V3vlHET+g1hBVlrO60PmEXwUEKp8Mg==}
    engines: {node: '>= 10'}
    hasBin: true

  '@types/node@22.20.5':
    resolution: {integrity: sha512-U2+DNr+wSjpsTS/wZGYHq7GcwfuSmKiKvoPvK22zwTlRhU91yOniN4qRR5KhIjvif7ysw/dz/hKmfDH0Ris4aA==}

  '@vmz/commander@0.2.8':
    resolution: {integrity: sha512-hDTOJGKHam1+GYnOJY8M0yqctrBt8RfdkvUVmkeu1LQVRyfWRZ8kqWnTdYcW8PoCWKP4DdDpcWJrbmI7rn68Bg==}
    engines: {node: '>=20'}

  jiti@2.7.0:
    resolution: {integrity: sha512-AC/7JofJvZGrrneWNaEnJeOLUx+JlGt7tNa0wZiRPT4MY1wmfKjt2+6O2p2uz2+skll8OZZmJMNqeke7kKbNgQ==}
    hasBin: true

  typescript@5.9.3:
    resolution: {integrity: sha512-jl1vZzPDinLr9eUt3J/t7V6FgNEw9QjvBPdysz9KfQDD41fQrC2Y4vKQdiaUpFT4bXlb1RHhLpp8wtm6M5TgSw==}
    engines: {node: '>=14.17'}
    hasBin: true

  undici-types@6.21.0:
    resolution: {integrity: sha512-iwDZqg0QAGrg9Rav5H4n0M64c3mkR59cJ6wQp+7C4nI0gsmExaedaYLNO44eT4AtBBwjbTiGPMlt2Md0T9H9JQ==}

snapshots:

  '@biomejs/biome@2.5.15':
    optionalDependencies:
      '@biomejs/cli-darwin-arm64': 2.5.15
      '@biomejs/cli-darwin-x64': 2.5.15
      '@biomejs/cli-linux-arm64': 2.5.15
      '@biomejs/cli-linux-arm64-musl': 2.5.15
      '@biomejs/cli-linux-x64': 2.5.15
      '@biomejs/cli-linux-x64-musl': 2.5.15
      '@biomejs/cli-win32-arm64': 2.5.15
      '@biomejs/cli-win32-x64': 2.5.15

  '@biomejs/cli-darwin-arm64@2.5.15':
    optional: true

  '@biomejs/cli-darwin-x64@2.5.15':
    optional: true

  '@biomejs/cli-linux-arm64-musl@2.5.15':
    optional: true

  '@biomejs/cli-linux-arm64@2.5.15':
    optional: true

  '@biomejs/cli-linux-x64-musl@2.5.15':
    optional: true

  '@biomejs/cli-linux-x64@2.5.15':
    optional: true

  '@biomejs/cli-win32-arm64@2.5.15':
    optional: true

  '@biomejs/cli-win32-x64@2.5.15':
    optional: true

  '@doki-land/nifty-darwin-arm64@0.0.12':
    optional: true

  '@doki-land/nifty-darwin-x64@0.0.12':
    optional: true

  '@doki-land/nifty-linux-arm64@0.0.12':
    optional: true

  '@doki-land/nifty-linux-x64@0.0.12':
    optional: true

  '@doki-land/nifty-win32-x64@0.0.12':
    optional: true

  '@doki-land/nifty@0.0.12':
    dependencies:
      '@vmz/commander': 0.2.8
      jiti: 2.7.0
    optionalDependencies:
      '@doki-land/nifty-darwin-arm64': 0.0.12
      '@doki-land/nifty-darwin-x64': 0.0.12
      '@doki-land/nifty-linux-arm64': 0.0.12
      '@doki-land/nifty-linux-x64': 0.0.12
      '@doki-land/nifty-win32-x64': 0.0.12

  '@napi-rs/cli@2.18.4': {}

  '@types/node@22.20.5':
    dependencies:
      undici-types: 6.21.0

  '@vmz/commander@0.2.8': {}

  jiti@2.7.0: {}

  typescript@5.9.3: {}

  undici-types@6.21.0: {}
